
Microsoft Visual Studio Solution File, Format Version 12.00
# Visual Studio Version 16
VisualStudioVersion = 16.0.31911.196
MinimumVisualStudioVersion = 10.0.40219.1
Project("{FAE04EC0-301F-11D3-BF4B-00C04F79EFBC}") = "Nodos", "Nodos\Nodos.csproj", "{D861F7B1-FD56-4094-B1D1-0C7028D9699B}"
EndProject
Global
	GlobalSection(SolutionConfigurationPlatforms) = preSolution
		Debug|Any CPU = Debug|Any CPU
		Release|Any CPU = Release|Any CPU
	EndGlobalSection
	GlobalSection(ProjectConfigurationPlatforms) = postSolution
		{D861F7B1-FD56-4094-B1D1-0C7028D9699B}.Debug|Any CPU.ActiveCfg = Debug|Any CPU
		{D861F7B1-FD56-4094-B1D1-0C7028D9699B}.Debug|Any CPU.Build.0 = Debug|Any CPU
		{D861F7B1-FD56-4094-B1D1-0C7028D9699B}.Release|Any CPU.ActiveCfg = Release|Any CPU
		{D861F7B1-FD56-4094-B1D1-0C7028D9699B}.Release|Any CPU.Build.0 = Release|Any CPU
	EndGlobalSection
	GlobalSection(SolutionProperties) = preSolution
		HideSolutionNode = FALSE
	EndGlobalSection
	GlobalSection(ExtensibilityGlobals) = postSolution
		SolutionGuid = {A71155D4-41AF-4DBE-A819-FCC3DBAED340}
	EndGlobalSection
EndGlobal
